
Microsoft Visual Studio Solution File, Format Version 12.00
# Visual Studio 15
VisualStudioVersion = 15.0.28307.1800
MinimumVisualStudioVersion = 10.0.40219.1
Project("{FAE04EC0-301F-11D3-BF4B-00C04F79EFBC}") = "ExportToExcel", "ExportToExcel\ExportToExcel.csproj", "{2D059948-F27A-41C6-AA12-A7D92DC65792}"
EndProject
Project("{FAE04EC0-301F-11D3-BF4B-00C04F79EFBC}") = "Database", "Database\Database.csproj", "{220212C2-97EB-46B1-BA05-AA94A5C8D23F}"
EndProject
Global
	GlobalSection(SolutionConfigurationPlatforms) = preSolution
		Debug|Any CPU = Debug|Any CPU
		Release|Any CPU = Release|Any CPU
	EndGlobalSection
	GlobalSection(ProjectConfigurationPlatforms) = postSolution
		{2D059948-F27A-41C6-AA12-A7D92DC65792}.Debug|Any CPU.ActiveCfg = Debug|Any CPU
		{2D059948-F27A-41C6-AA12-A7D92DC65792}.Debug|Any CPU.Build.0 = Debug|Any CPU
		{2D059948-F27A-41C6-AA12-A7D92DC65792}.Release|Any CPU.ActiveCfg = Release|Any CPU
		{2D059948-F27A-41C6-AA12-A7D92DC65792}.Release|Any CPU.Build.0 = Release|Any CPU
		{220212C2-97EB-46B1-BA05-AA94A5C8D23F}.Debug|Any CPU.ActiveCfg = Debug|Any CPU
		{220212C2-97EB-46B1-BA05-AA94A5C8D23F}.Debug|Any CPU.Build.0 = Debug|Any CPU
		{220212C2-97EB-46B1-BA05-AA94A5C8D23F}.Release|Any CPU.ActiveCfg = Release|Any CPU
		{220212C2-97EB-46B1-BA05-AA94A5C8D23F}.Release|Any CPU.Build.0 = Release|Any CPU
	EndGlobalSection
	GlobalSection(SolutionProperties) = preSolution
		HideSolutionNode = FALSE
	EndGlobalSection
	GlobalSection(ExtensibilityGlobals) = postSolution
		SolutionGuid = {EC5FB2E1-3198-49F6-860A-8D8C177149EF}
	EndGlobalSection
EndGlobal
